
Microsoft Visual Studio Solution File, Format Version 11.00
# Visual Studio 2010
Project("{8BC9CEB8-8B4A-11D0-8D11-00A0C91BC942}") = "AMT", "AMT\AMT.vcxproj", "{ECCA280A-974D-43F9-8CA1-5A7F8C7791DB}"
	ProjectSection(ProjectDependencies) = postProject
		{8639600F-23A7-4C3B-ADFA-663896FEB390} = {8639600F-23A7-4C3B-ADFA-663896FEB390}
		{92734113-E02C-45AE-884E-83923A9E54E5} = {92734113-E02C-45AE-884E-83923A9E54E5}
	EndProjectSection
EndProject
Project("{8BC9CEB8-8B4A-11D0-8D11-00A0C91BC942}") = "GAlib", "GAlib\galib247\GAlib.vcxproj", "{8639600F-23A7-4C3B-ADFA-663896FEB390}"
EndProject
Project("{8BC9CEB8-8B4A-11D0-8D11-00A0C91BC942}") = "MusicNoteLib", "CFugue\MusicNote\vs-build\MusicNoteLib.vcxproj", "{92734113-E02C-45AE-884E-83923A9E54E5}"
	ProjectSection(ProjectDependencies) = postProject
		{F8D83713-D3AB-4201-891D-9AF50BBDBA8B} = {F8D83713-D3AB-4201-891D-9AF50BBDBA8B}
	EndProjectSection
EndProject
Project("{8BC9CEB8-8B4A-11D0-8D11-00A0C91BC942}") = "jdkmidi", "CFugue\MusicNote\src\3rdparty\libjdkmidi\build\vc10\jdkmidi.vcxproj", "{F8D83713-D3AB-4201-891D-9AF50BBDBA8B}"
EndProject
Global
	GlobalSection(SolutionConfigurationPlatforms) = preSolution
		Debug|Win32 = Debug|Win32
		Debug|x64 = Debug|x64
		Release|Win32 = Release|Win32
		Release|x64 = Release|x64
		StaticDebug|Win32 = StaticDebug|Win32
		StaticDebug|x64 = StaticDebug|x64
		StaticRelease|Win32 = StaticRelease|Win32
		StaticRelease|x64 = StaticRelease|x64
		UnicodeDebug|Win32 = UnicodeDebug|Win32
		UnicodeDebug|x64 = UnicodeDebug|x64
		UnicodeRelease|Win32 = UnicodeRelease|Win32
		UnicodeRelease|x64 = UnicodeRelease|x64
		UnicodeStaticDebug|Win32 = UnicodeStaticDebug|Win32
		UnicodeStaticDebug|x64 = UnicodeStaticDebug|x64
		UnicodeStaticRelease|Win32 = UnicodeStaticRelease|Win32
		UnicodeStaticRelease|x64 = UnicodeStaticRelease|x64
	EndGlobalSection
	GlobalSection(ProjectConfigurationPlatforms) = postSolution
		{ECCA280A-974D-43F9-8CA1-5A7F8C7791DB}.Debug|Win32.ActiveCfg = Debug|Win32
		{ECCA280A-974D-43F9-8CA1-5A7F8C7791DB}.Debug|Win32.Build.0 = Debug|Win32
		{ECCA280A-974D-43F9-8CA1-5A7F8C7791DB}.Debug|x64.ActiveCfg = Debug|Win32
		{ECCA280A-974D-43F9-8CA1-5A7F8C7791DB}.Release|Win32.ActiveCfg = Release|Win32
		{ECCA280A-974D-43F9-8CA1-5A7F8C7791DB}.Release|Win32.Build.0 = Release|Win32
		{ECCA280A-974D-43F9-8CA1-5A7F8C7791DB}.Release|x64.ActiveCfg = Release|Win32
		{ECCA280A-974D-43F9-8CA1-5A7F8C7791DB}.StaticDebug|Win32.ActiveCfg = Debug|Win32
		{ECCA280A-974D-43F9-8CA1-5A7F8C7791DB}.StaticDebug|Win32.Build.0 = Debug|Win32
		{ECCA280A-974D-43F9-8CA1-5A7F8C7791DB}.StaticDebug|x64.ActiveCfg = Debug|Win32
		{ECCA280A-974D-43F9-8CA1-5A7F8C7791DB}.StaticRelease|Win32.ActiveCfg = Release|Win32
		{ECCA280A-974D-43F9-8CA1-5A7F8C7791DB}.StaticRelease|Win32.Build.0 = Release|Win32
		{ECCA280A-974D-43F9-8CA1-5A7F8C7791DB}.StaticRelease|x64.ActiveCfg = Release|Win32
		{ECCA280A-974D-43F9-8CA1-5A7F8C7791DB}.UnicodeDebug|Win32.ActiveCfg = Debug|Win32
		{ECCA280A-974D-43F9-8CA1-5A7F8C7791DB}.UnicodeDebug|Win32.Build.0 = Debug|Win32
		{ECCA280A-974D-43F9-8CA1-5A7F8C7791DB}.UnicodeDebug|x64.ActiveCfg = Debug|Win32
		{ECCA280A-974D-43F9-8CA1-5A7F8C7791DB}.UnicodeRelease|Win32.ActiveCfg = Release|Win32
		{ECCA280A-974D-43F9-8CA1-5A7F8C7791DB}.UnicodeRelease|Win32.Build.0 = Release|Win32
		{ECCA280A-974D-43F9-8CA1-5A7F8C7791DB}.UnicodeRelease|x64.ActiveCfg = Release|Win32
		{ECCA280A-974D-43F9-8CA1-5A7F8C7791DB}.UnicodeStaticDebug|Win32.ActiveCfg = Debug|Win32
		{ECCA280A-974D-43F9-8CA1-5A7F8C7791DB}.UnicodeStaticDebug|Win32.Build.0 = Debug|Win32
		{ECCA280A-974D-43F9-8CA1-5A7F8C7791DB}.UnicodeStaticDebug|x64.ActiveCfg = Debug|Win32
		{ECCA280A-974D-43F9-8CA1-5A7F8C7791DB}.UnicodeStaticRelease|Win32.ActiveCfg = Release|Win32
		{ECCA280A-974D-43F9-8CA1-5A7F8C7791DB}.UnicodeStaticRelease|Win32.Build.0 = Release|Win32
		{ECCA280A-974D-43F9-8CA1-5A7F8C7791DB}.UnicodeStaticRelease|x64.ActiveCfg = Release|Win32
		{8639600F-23A7-4C3B-ADFA-663896FEB390}.Debug|Win32.ActiveCfg = Debug|Win32
		{8639600F-23A7-4C3B-ADFA-663896FEB390}.Debug|Win32.Build.0 = Debug|Win32
		{8639600F-23A7-4C3B-ADFA-663896FEB390}.Debug|x64.ActiveCfg = Debug|Win32
		{8639600F-23A7-4C3B-ADFA-663896FEB390}.Release|Win32.ActiveCfg = Release|Win32
		{8639600F-23A7-4C3B-ADFA-663896FEB390}.Release|Win32.Build.0 = Release|Win32
		{8639600F-23A7-4C3B-ADFA-663896FEB390}.Release|x64.ActiveCfg = Release|Win32
		{8639600F-23A7-4C3B-ADFA-663896FEB390}.StaticDebug|Win32.ActiveCfg = Debug|Win32
		{8639600F-23A7-4C3B-ADFA-663896FEB390}.StaticDebug|Win32.Build.0 = Debug|Win32
		{8639600F-23A7-4C3B-ADFA-663896FEB390}.StaticDebug|x64.ActiveCfg = Debug|Win32
		{8639600F-23A7-4C3B-ADFA-663896FEB390}.StaticRelease|Win32.ActiveCfg = Release|Win32
		{8639600F-23A7-4C3B-ADFA-663896FEB390}.StaticRelease|Win32.Build.0 = Release|Win32
		{8639600F-23A7-4C3B-ADFA-663896FEB390}.StaticRelease|x64.ActiveCfg = Release|Win32
		{8639600F-23A7-4C3B-ADFA-663896FEB390}.UnicodeDebug|Win32.ActiveCfg = Debug|Win32
		{8639600F-23A7-4C3B-ADFA-663896FEB390}.UnicodeDebug|Win32.Build.0 = Debug|Win32
		{8639600F-23A7-4C3B-ADFA-663896FEB390}.UnicodeDebug|x64.ActiveCfg = Debug|Win32
		{8639600F-23A7-4C3B-ADFA-663896FEB390}.UnicodeRelease|Win32.ActiveCfg = Release|Win32
		{8639600F-23A7-4C3B-ADFA-663896FEB390}.UnicodeRelease|Win32.Build.0 = Release|Win32
		{8639600F-23A7-4C3B-ADFA-663896FEB390}.UnicodeRelease|x64.ActiveCfg = Release|Win32
		{8639600F-23A7-4C3B-ADFA-663896FEB390}.UnicodeStaticDebug|Win32.ActiveCfg = Debug|Win32
		{8639600F-23A7-4C3B-ADFA-663896FEB390}.UnicodeStaticDebug|Win32.Build.0 = Debug|Win32
		{8639600F-23A7-4C3B-ADFA-663896FEB390}.UnicodeStaticDebug|x64.ActiveCfg = Debug|Win32
		{8639600F-23A7-4C3B-ADFA-663896FEB390}.UnicodeStaticRelease|Win32.ActiveCfg = Release|Win32
		{8639600F-23A7-4C3B-ADFA-663896FEB390}.UnicodeStaticRelease|Win32.Build.0 = Release|Win32
		{8639600F-23A7-4C3B-ADFA-663896FEB390}.UnicodeStaticRelease|x64.ActiveCfg = Release|Win32
		{92734113-E02C-45AE-884E-83923A9E54E5}.Debug|Win32.ActiveCfg = UnicodeStaticDebug|Win32
		{92734113-E02C-45AE-884E-83923A9E54E5}.Debug|Win32.Build.0 = UnicodeStaticDebug|Win32
		{92734113-E02C-45AE-884E-83923A9E54E5}.Debug|x64.ActiveCfg = Debug|x64
		{92734113-E02C-45AE-884E-83923A9E54E5}.Debug|x64.Build.0 = Debug|x64
		{92734113-E02C-45AE-884E-83923A9E54E5}.Release|Win32.ActiveCfg = Release|Win32
		{92734113-E02C-45AE-884E-83923A9E54E5}.Release|Win32.Build.0 = Release|Win32
		{92734113-E02C-45AE-884E-83923A9E54E5}.Release|x64.ActiveCfg = Release|x64
		{92734113-E02C-45AE-884E-83923A9E54E5}.Release|x64.Build.0 = Release|x64
		{92734113-E02C-45AE-884E-83923A9E54E5}.StaticDebug|Win32.ActiveCfg = StaticDebug|Win32
		{92734113-E02C-45AE-884E-83923A9E54E5}.StaticDebug|Win32.Build.0 = StaticDebug|Win32
		{92734113-E02C-45AE-884E-83923A9E54E5}.StaticDebug|x64.ActiveCfg = StaticDebug|x64
		{92734113-E02C-45AE-884E-83923A9E54E5}.StaticDebug|x64.Build.0 = StaticDebug|x64
		{92734113-E02C-45AE-884E-83923A9E54E5}.StaticRelease|Win32.ActiveCfg = StaticRelease|Win32
		{92734113-E02C-45AE-884E-83923A9E54E5}.StaticRelease|Win32.Build.0 = StaticRelease|Win32
		{92734113-E02C-45AE-884E-83923A9E54E5}.StaticRelease|x64.ActiveCfg = StaticRelease|x64
		{92734113-E02C-45AE-884E-83923A9E54E5}.StaticRelease|x64.Build.0 = StaticRelease|x64
		{92734113-E02C-45AE-884E-83923A9E54E5}.UnicodeDebug|Win32.ActiveCfg = UnicodeDebug|Win32
		{92734113-E02C-45AE-884E-83923A9E54E5}.UnicodeDebug|Win32.Build.0 = UnicodeDebug|Win32
		{92734113-E02C-45AE-884E-83923A9E54E5}.UnicodeDebug|x64.ActiveCfg = UnicodeDebug|x64
		{92734113-E02C-45AE-884E-83923A9E54E5}.UnicodeDebug|x64.Build.0 = UnicodeDebug|x64
		{92734113-E02C-45AE-884E-83923A9E54E5}.UnicodeRelease|Win32.ActiveCfg = UnicodeRelease|Win32
		{92734113-E02C-45AE-884E-83923A9E54E5}.UnicodeRelease|Win32.Build.0 = UnicodeRelease|Win32
		{92734113-E02C-45AE-884E-83923A9E54E5}.UnicodeRelease|x64.ActiveCfg = UnicodeRelease|x64
		{92734113-E02C-45AE-884E-83923A9E54E5}.UnicodeRelease|x64.Build.0 = UnicodeRelease|x64
		{92734113-E02C-45AE-884E-83923A9E54E5}.UnicodeStaticDebug|Win32.ActiveCfg = UnicodeStaticDebug|Win32
		{92734113-E02C-45AE-884E-83923A9E54E5}.UnicodeStaticDebug|Win32.Build.0 = UnicodeStaticDebug|Win32
		{92734113-E02C-45AE-884E-83923A9E54E5}.UnicodeStaticDebug|x64.ActiveCfg = UnicodeStaticDebug|x64
		{92734113-E02C-45AE-884E-83923A9E54E5}.UnicodeStaticDebug|x64.Build.0 = UnicodeStaticDebug|x64
		{92734113-E02C-45AE-884E-83923A9E54E5}.UnicodeStaticRelease|Win32.ActiveCfg = UnicodeStaticRelease|Win32
		{92734113-E02C-45AE-884E-83923A9E54E5}.UnicodeStaticRelease|Win32.Build.0 = UnicodeStaticRelease|Win32
		{92734113-E02C-45AE-884E-83923A9E54E5}.UnicodeStaticRelease|x64.ActiveCfg = UnicodeStaticRelease|x64
		{92734113-E02C-45AE-884E-83923A9E54E5}.UnicodeStaticRelease|x64.Build.0 = UnicodeStaticRelease|x64
		{F8D83713-D3AB-4201-891D-9AF50BBDBA8B}.Debug|Win32.ActiveCfg = UnicodeStaticDebug|Win32
		{F8D83713-D3AB-4201-891D-9AF50BBDBA8B}.Debug|Win32.Build.0 = UnicodeStaticDebug|Win32
		{F8D83713-D3AB-4201-891D-9AF50BBDBA8B}.Debug|x64.ActiveCfg = Debug|x64
		{F8D83713-D3AB-4201-891D-9AF50BBDBA8B}.Debug|x64.Build.0 = Debug|x64
		{F8D83713-D3AB-4201-891D-9AF50BBDBA8B}.Release|Win32.ActiveCfg = Release|Win32
		{F8D83713-D3AB-4201-891D-9AF50BBDBA8B}.Release|Win32.Build.0 = Release|Win32
		{F8D83713-D3AB-4201-891D-9AF50BBDBA8B}.Release|x64.ActiveCfg = Release|x64
		{F8D83713-D3AB-4201-891D-9AF50BBDBA8B}.Release|x64.Build.0 = Release|x64
		{F8D83713-D3AB-4201-891D-9AF50BBDBA8B}.StaticDebug|Win32.ActiveCfg = StaticDebug|Win32
		{F8D83713-D3AB-4201-891D-9AF50BBDBA8B}.StaticDebug|Win32.Build.0 = StaticDebug|Win32
		{F8D83713-D3AB-4201-891D-9AF50BBDBA8B}.StaticDebug|x64.ActiveCfg = StaticDebug|x64
		{F8D83713-D3AB-4201-891D-9AF50BBDBA8B}.StaticDebug|x64.Build.0 = StaticDebug|x64
		{F8D83713-D3AB-4201-891D-9AF50BBDBA8B}.StaticRelease|Win32.ActiveCfg = StaticRelease|Win32
		{F8D83713-D3AB-4201-891D-9AF50BBDBA8B}.StaticRelease|Win32.Build.0 = StaticRelease|Win32
		{F8D83713-D3AB-4201-891D-9AF50BBDBA8B}.StaticRelease|x64.ActiveCfg = StaticRelease|x64
		{F8D83713-D3AB-4201-891D-9AF50BBDBA8B}.StaticRelease|x64.Build.0 = StaticRelease|x64
		{F8D83713-D3AB-4201-891D-9AF50BBDBA8B}.UnicodeDebug|Win32.ActiveCfg = UnicodeDebug|Win32
		{F8D83713-D3AB-4201-891D-9AF50BBDBA8B}.UnicodeDebug|Win32.Build.0 = UnicodeDebug|Win32
		{F8D83713-D3AB-4201-891D-9AF50BBDBA8B}.UnicodeDebug|x64.ActiveCfg = UnicodeDebug|x64
		{F8D83713-D3AB-4201-891D-9AF50BBDBA8B}.UnicodeDebug|x64.Build.0 = UnicodeDebug|x64
		{F8D83713-D3AB-4201-891D-9AF50BBDBA8B}.UnicodeRelease|Win32.ActiveCfg = UnicodeRelease|Win32
		{F8D83713-D3AB-4201-891D-9AF50BBDBA8B}.UnicodeRelease|Win32.Build.0 = UnicodeRelease|Win32
		{F8D83713-D3AB-4201-891D-9AF50BBDBA8B}.UnicodeRelease|x64.ActiveCfg = UnicodeRelease|x64
		{F8D83713-D3AB-4201-891D-9AF50BBDBA8B}.UnicodeRelease|x64.Build.0 = UnicodeRelease|x64
		{F8D83713-D3AB-4201-891D-9AF50BBDBA8B}.UnicodeStaticDebug|Win32.ActiveCfg = UnicodeStaticDebug|Win32
		{F8D83713-D3AB-4201-891D-9AF50BBDBA8B}.UnicodeStaticDebug|Win32.Build.0 = UnicodeStaticDebug|Win32
		{F8D83713-D3AB-4201-891D-9AF50BBDBA8B}.UnicodeStaticDebug|x64.ActiveCfg = UnicodeStaticDebug|x64
		{F8D83713-D3AB-4201-891D-9AF50BBDBA8B}.UnicodeStaticDebug|x64.Build.0 = UnicodeStaticDebug|x64
		{F8D83713-D3AB-4201-891D-9AF50BBDBA8B}.UnicodeStaticRelease|Win32.ActiveCfg = UnicodeStaticRelease|Win32
		{F8D83713-D3AB-4201-891D-9AF50BBDBA8B}.UnicodeStaticRelease|Win32.Build.0 = UnicodeStaticRelease|Win32
		{F8D83713-D3AB-4201-891D-9AF50BBDBA8B}.UnicodeStaticRelease|x64.ActiveCfg = UnicodeStaticRelease|x64
		{F8D83713-D3AB-4201-891D-9AF50BBDBA8B}.UnicodeStaticRelease|x64.Build.0 = UnicodeStaticRelease|x64
	EndGlobalSection
	GlobalSection(SolutionProperties) = preSolution
		HideSolutionNode = FALSE
	EndGlobalSection
EndGlobal
