
Microsoft Visual Studio Solution File, Format Version 11.00
# Visual Studio 2010
Project("{8BC9CEB8-8B4A-11D0-8D11-00A0C91BC942}") = "audioprobe", "audioprobe.vcxproj", "{D964BC45-5AA1-1F20-EC7D-ED4F7706E317}"
EndProject
Project("{8BC9CEB8-8B4A-11D0-8D11-00A0C91BC942}") = "bethree", "bethree.vcxproj", "{01F4605F-FD67-A2EA-551F-BEF7326F897F}"
EndProject
Project("{8BC9CEB8-8B4A-11D0-8D11-00A0C91BC942}") = "controlbee", "controlbee.vcxproj", "{2529BF99-0971-562E-70BA-17B15BE058C7}"
EndProject
Project("{8BC9CEB8-8B4A-11D0-8D11-00A0C91BC942}") = "crtsine", "crtsine.vcxproj", "{85E7680A-9388-47E6-9244-3EA343A15C5D}"
EndProject
Project("{8BC9CEB8-8B4A-11D0-8D11-00A0C91BC942}") = "duplex", "duplex.vcxproj", "{BA3B814B-F377-4908-A1F6-9B917AD6A086}"
EndProject
Project("{8BC9CEB8-8B4A-11D0-8D11-00A0C91BC942}") = "foursine", "foursine.vcxproj", "{C00DB39F-5CE0-F6FB-BBED-2CE9BAB750BA}"
EndProject
Project("{8BC9CEB8-8B4A-11D0-8D11-00A0C91BC942}") = "grains", "grains.vcxproj", "{9B21F148-C1DC-69F0-538A-985FDC083147}"
EndProject
Project("{8BC9CEB8-8B4A-11D0-8D11-00A0C91BC942}") = "inetIn", "inetIn.vcxproj", "{27670EF8-F192-422F-4C8B-9B18E9DC9341}"
EndProject
Project("{8BC9CEB8-8B4A-11D0-8D11-00A0C91BC942}") = "inetOut", "inetOut.vcxproj", "{DA092101-D17A-7E4A-FFE9-31D9AE97EA7A}"
EndProject
Project("{8BC9CEB8-8B4A-11D0-8D11-00A0C91BC942}") = "midiprobe", "midiprobe.vcxproj", "{8F11287D-C87D-3303-CA37-C161FB4A6FBA}"
EndProject
Project("{8BC9CEB8-8B4A-11D0-8D11-00A0C91BC942}") = "play", "play.vcxproj", "{A3756575-8D74-5329-1B5E-FD2D885DA5C2}"
EndProject
Project("{8BC9CEB8-8B4A-11D0-8D11-00A0C91BC942}") = "playsmf", "playsmf.vcxproj", "{D9CD2E3E-C434-BCB3-0CB0-7379D688EA77}"
EndProject
Project("{8BC9CEB8-8B4A-11D0-8D11-00A0C91BC942}") = "record", "record.vcxproj", "{CEA7E025-DE82-4AC2-A178-488C47158E68}"
EndProject
Project("{8BC9CEB8-8B4A-11D0-8D11-00A0C91BC942}") = "rtsine", "rtsine.vcxproj", "{455F8879-6EB1-C1B5-51D7-4F7906842A19}"
EndProject
Project("{8BC9CEB8-8B4A-11D0-8D11-00A0C91BC942}") = "sine", "sine.vcxproj", "{74F23A1B-E58A-381F-EE59-B9103C0714FB}"
EndProject
Project("{8BC9CEB8-8B4A-11D0-8D11-00A0C91BC942}") = "sineosc", "sineosc.vcxproj", "{5A40672A-852E-EC23-1715-830B558B2CAF}"
EndProject
Project("{8BC9CEB8-8B4A-11D0-8D11-00A0C91BC942}") = "threebees", "threebees.vcxproj", "{1A953E4B-1348-2422-6B0C-E93E6B0299DE}"
EndProject
Global
	GlobalSection(SolutionConfigurationPlatforms) = preSolution
		Debug|Win32 = Debug|Win32
		Release|Win32 = Release|Win32
		Template|Win32 = Template|Win32
	EndGlobalSection
	GlobalSection(ProjectConfigurationPlatforms) = postSolution
		{D964BC45-5AA1-1F20-EC7D-ED4F7706E317}.Debug|Win32.ActiveCfg = Debug|Win32
		{D964BC45-5AA1-1F20-EC7D-ED4F7706E317}.Debug|Win32.Build.0 = Debug|Win32
		{D964BC45-5AA1-1F20-EC7D-ED4F7706E317}.Release|Win32.ActiveCfg = Release|Win32
		{D964BC45-5AA1-1F20-EC7D-ED4F7706E317}.Release|Win32.Build.0 = Release|Win32
		{D964BC45-5AA1-1F20-EC7D-ED4F7706E317}.Template|Win32.ActiveCfg = Release|Win32
		{D964BC45-5AA1-1F20-EC7D-ED4F7706E317}.Template|Win32.Build.0 = Release|Win32
		{01F4605F-FD67-A2EA-551F-BEF7326F897F}.Debug|Win32.ActiveCfg = Debug|Win32
		{01F4605F-FD67-A2EA-551F-BEF7326F897F}.Debug|Win32.Build.0 = Debug|Win32
		{01F4605F-FD67-A2EA-551F-BEF7326F897F}.Release|Win32.ActiveCfg = Release|Win32
		{01F4605F-FD67-A2EA-551F-BEF7326F897F}.Release|Win32.Build.0 = Release|Win32
		{01F4605F-FD67-A2EA-551F-BEF7326F897F}.Template|Win32.ActiveCfg = Template|Win32
		{01F4605F-FD67-A2EA-551F-BEF7326F897F}.Template|Win32.Build.0 = Template|Win32
		{2529BF99-0971-562E-70BA-17B15BE058C7}.Debug|Win32.ActiveCfg = Debug|Win32
		{2529BF99-0971-562E-70BA-17B15BE058C7}.Debug|Win32.Build.0 = Debug|Win32
		{2529BF99-0971-562E-70BA-17B15BE058C7}.Release|Win32.ActiveCfg = Release|Win32
		{2529BF99-0971-562E-70BA-17B15BE058C7}.Release|Win32.Build.0 = Release|Win32
		{2529BF99-0971-562E-70BA-17B15BE058C7}.Template|Win32.ActiveCfg = Template|Win32
		{2529BF99-0971-562E-70BA-17B15BE058C7}.Template|Win32.Build.0 = Template|Win32
		{85E7680A-9388-47E6-9244-3EA343A15C5D}.Debug|Win32.ActiveCfg = Debug|Win32
		{85E7680A-9388-47E6-9244-3EA343A15C5D}.Debug|Win32.Build.0 = Debug|Win32
		{85E7680A-9388-47E6-9244-3EA343A15C5D}.Release|Win32.ActiveCfg = Release|Win32
		{85E7680A-9388-47E6-9244-3EA343A15C5D}.Release|Win32.Build.0 = Release|Win32
		{85E7680A-9388-47E6-9244-3EA343A15C5D}.Template|Win32.ActiveCfg = Template|Win32
		{85E7680A-9388-47E6-9244-3EA343A15C5D}.Template|Win32.Build.0 = Template|Win32
		{BA3B814B-F377-4908-A1F6-9B917AD6A086}.Debug|Win32.ActiveCfg = Debug|Win32
		{BA3B814B-F377-4908-A1F6-9B917AD6A086}.Debug|Win32.Build.0 = Debug|Win32
		{BA3B814B-F377-4908-A1F6-9B917AD6A086}.Release|Win32.ActiveCfg = Release|Win32
		{BA3B814B-F377-4908-A1F6-9B917AD6A086}.Release|Win32.Build.0 = Release|Win32
		{BA3B814B-F377-4908-A1F6-9B917AD6A086}.Template|Win32.ActiveCfg = Template|Win32
		{BA3B814B-F377-4908-A1F6-9B917AD6A086}.Template|Win32.Build.0 = Template|Win32
		{C00DB39F-5CE0-F6FB-BBED-2CE9BAB750BA}.Debug|Win32.ActiveCfg = Debug|Win32
		{C00DB39F-5CE0-F6FB-BBED-2CE9BAB750BA}.Debug|Win32.Build.0 = Debug|Win32
		{C00DB39F-5CE0-F6FB-BBED-2CE9BAB750BA}.Release|Win32.ActiveCfg = Release|Win32
		{C00DB39F-5CE0-F6FB-BBED-2CE9BAB750BA}.Release|Win32.Build.0 = Release|Win32
		{C00DB39F-5CE0-F6FB-BBED-2CE9BAB750BA}.Template|Win32.ActiveCfg = Template|Win32
		{C00DB39F-5CE0-F6FB-BBED-2CE9BAB750BA}.Template|Win32.Build.0 = Template|Win32
		{9B21F148-C1DC-69F0-538A-985FDC083147}.Debug|Win32.ActiveCfg = Debug|Win32
		{9B21F148-C1DC-69F0-538A-985FDC083147}.Debug|Win32.Build.0 = Debug|Win32
		{9B21F148-C1DC-69F0-538A-985FDC083147}.Release|Win32.ActiveCfg = Release|Win32
		{9B21F148-C1DC-69F0-538A-985FDC083147}.Release|Win32.Build.0 = Release|Win32
		{9B21F148-C1DC-69F0-538A-985FDC083147}.Template|Win32.ActiveCfg = Template|Win32
		{9B21F148-C1DC-69F0-538A-985FDC083147}.Template|Win32.Build.0 = Template|Win32
		{27670EF8-F192-422F-4C8B-9B18E9DC9341}.Debug|Win32.ActiveCfg = Debug|Win32
		{27670EF8-F192-422F-4C8B-9B18E9DC9341}.Debug|Win32.Build.0 = Debug|Win32
		{27670EF8-F192-422F-4C8B-9B18E9DC9341}.Release|Win32.ActiveCfg = Release|Win32
		{27670EF8-F192-422F-4C8B-9B18E9DC9341}.Release|Win32.Build.0 = Release|Win32
		{27670EF8-F192-422F-4C8B-9B18E9DC9341}.Template|Win32.ActiveCfg = Template|Win32
		{27670EF8-F192-422F-4C8B-9B18E9DC9341}.Template|Win32.Build.0 = Template|Win32
		{DA092101-D17A-7E4A-FFE9-31D9AE97EA7A}.Debug|Win32.ActiveCfg = Debug|Win32
		{DA092101-D17A-7E4A-FFE9-31D9AE97EA7A}.Debug|Win32.Build.0 = Debug|Win32
		{DA092101-D17A-7E4A-FFE9-31D9AE97EA7A}.Release|Win32.ActiveCfg = Release|Win32
		{DA092101-D17A-7E4A-FFE9-31D9AE97EA7A}.Release|Win32.Build.0 = Release|Win32
		{DA092101-D17A-7E4A-FFE9-31D9AE97EA7A}.Template|Win32.ActiveCfg = Template|Win32
		{DA092101-D17A-7E4A-FFE9-31D9AE97EA7A}.Template|Win32.Build.0 = Template|Win32
		{8F11287D-C87D-3303-CA37-C161FB4A6FBA}.Debug|Win32.ActiveCfg = Debug|Win32
		{8F11287D-C87D-3303-CA37-C161FB4A6FBA}.Debug|Win32.Build.0 = Debug|Win32
		{8F11287D-C87D-3303-CA37-C161FB4A6FBA}.Release|Win32.ActiveCfg = Release|Win32
		{8F11287D-C87D-3303-CA37-C161FB4A6FBA}.Release|Win32.Build.0 = Release|Win32
		{8F11287D-C87D-3303-CA37-C161FB4A6FBA}.Template|Win32.ActiveCfg = Template|Win32
		{8F11287D-C87D-3303-CA37-C161FB4A6FBA}.Template|Win32.Build.0 = Template|Win32
		{A3756575-8D74-5329-1B5E-FD2D885DA5C2}.Debug|Win32.ActiveCfg = Debug|Win32
		{A3756575-8D74-5329-1B5E-FD2D885DA5C2}.Debug|Win32.Build.0 = Debug|Win32
		{A3756575-8D74-5329-1B5E-FD2D885DA5C2}.Release|Win32.ActiveCfg = Release|Win32
		{A3756575-8D74-5329-1B5E-FD2D885DA5C2}.Release|Win32.Build.0 = Release|Win32
		{A3756575-8D74-5329-1B5E-FD2D885DA5C2}.Template|Win32.ActiveCfg = Template|Win32
		{A3756575-8D74-5329-1B5E-FD2D885DA5C2}.Template|Win32.Build.0 = Template|Win32
		{D9CD2E3E-C434-BCB3-0CB0-7379D688EA77}.Debug|Win32.ActiveCfg = Debug|Win32
		{D9CD2E3E-C434-BCB3-0CB0-7379D688EA77}.Debug|Win32.Build.0 = Debug|Win32
		{D9CD2E3E-C434-BCB3-0CB0-7379D688EA77}.Release|Win32.ActiveCfg = Release|Win32
		{D9CD2E3E-C434-BCB3-0CB0-7379D688EA77}.Release|Win32.Build.0 = Release|Win32
		{D9CD2E3E-C434-BCB3-0CB0-7379D688EA77}.Template|Win32.ActiveCfg = Template|Win32
		{D9CD2E3E-C434-BCB3-0CB0-7379D688EA77}.Template|Win32.Build.0 = Template|Win32
		{CEA7E025-DE82-4AC2-A178-488C47158E68}.Debug|Win32.ActiveCfg = Debug|Win32
		{CEA7E025-DE82-4AC2-A178-488C47158E68}.Debug|Win32.Build.0 = Debug|Win32
		{CEA7E025-DE82-4AC2-A178-488C47158E68}.Release|Win32.ActiveCfg = Release|Win32
		{CEA7E025-DE82-4AC2-A178-488C47158E68}.Release|Win32.Build.0 = Release|Win32
		{CEA7E025-DE82-4AC2-A178-488C47158E68}.Template|Win32.ActiveCfg = Template|Win32
		{CEA7E025-DE82-4AC2-A178-488C47158E68}.Template|Win32.Build.0 = Template|Win32
		{455F8879-6EB1-C1B5-51D7-4F7906842A19}.Debug|Win32.ActiveCfg = Debug|Win32
		{455F8879-6EB1-C1B5-51D7-4F7906842A19}.Debug|Win32.Build.0 = Debug|Win32
		{455F8879-6EB1-C1B5-51D7-4F7906842A19}.Release|Win32.ActiveCfg = Release|Win32
		{455F8879-6EB1-C1B5-51D7-4F7906842A19}.Release|Win32.Build.0 = Release|Win32
		{455F8879-6EB1-C1B5-51D7-4F7906842A19}.Template|Win32.ActiveCfg = Template|Win32
		{455F8879-6EB1-C1B5-51D7-4F7906842A19}.Template|Win32.Build.0 = Template|Win32
		{74F23A1B-E58A-381F-EE59-B9103C0714FB}.Debug|Win32.ActiveCfg = Debug|Win32
		{74F23A1B-E58A-381F-EE59-B9103C0714FB}.Debug|Win32.Build.0 = Debug|Win32
		{74F23A1B-E58A-381F-EE59-B9103C0714FB}.Release|Win32.ActiveCfg = Release|Win32
		{74F23A1B-E58A-381F-EE59-B9103C0714FB}.Release|Win32.Build.0 = Release|Win32
		{74F23A1B-E58A-381F-EE59-B9103C0714FB}.Template|Win32.ActiveCfg = Template|Win32
		{74F23A1B-E58A-381F-EE59-B9103C0714FB}.Template|Win32.Build.0 = Template|Win32
		{5A40672A-852E-EC23-1715-830B558B2CAF}.Debug|Win32.ActiveCfg = Debug|Win32
		{5A40672A-852E-EC23-1715-830B558B2CAF}.Debug|Win32.Build.0 = Debug|Win32
		{5A40672A-852E-EC23-1715-830B558B2CAF}.Release|Win32.ActiveCfg = Release|Win32
		{5A40672A-852E-EC23-1715-830B558B2CAF}.Release|Win32.Build.0 = Release|Win32
		{5A40672A-852E-EC23-1715-830B558B2CAF}.Template|Win32.ActiveCfg = Template|Win32
		{5A40672A-852E-EC23-1715-830B558B2CAF}.Template|Win32.Build.0 = Template|Win32
		{1A953E4B-1348-2422-6B0C-E93E6B0299DE}.Debug|Win32.ActiveCfg = Debug|Win32
		{1A953E4B-1348-2422-6B0C-E93E6B0299DE}.Debug|Win32.Build.0 = Debug|Win32
		{1A953E4B-1348-2422-6B0C-E93E6B0299DE}.Release|Win32.ActiveCfg = Release|Win32
		{1A953E4B-1348-2422-6B0C-E93E6B0299DE}.Release|Win32.Build.0 = Release|Win32
		{1A953E4B-1348-2422-6B0C-E93E6B0299DE}.Template|Win32.ActiveCfg = Template|Win32
		{1A953E4B-1348-2422-6B0C-E93E6B0299DE}.Template|Win32.Build.0 = Template|Win32
	EndGlobalSection
	GlobalSection(SolutionProperties) = preSolution
		HideSolutionNode = FALSE
	EndGlobalSection
EndGlobal
